
Microsoft Visual Studio Solution File, Format Version 12.00
# Visual Studio Version 17
VisualStudioVersion = 17.1.32421.90
MinimumVisualStudioVersion = 10.0.40219.1
Project("{FAE04EC0-301F-11D3-BF4B-00C04F79EFBC}") = "QuanLyQuanCafe", "QuanLyQuanCafe\QuanLyQuanCafe.csproj", "{EBF43F83-C84C-494D-B47B-A62CBB6EE701}"
EndProject
Global
	GlobalSection(SolutionConfigurationPlatforms) = preSolution
		Debug|Any CPU = Debug|Any CPU
		Release|Any CPU = Release|Any CPU
	EndGlobalSection
	GlobalSection(ProjectConfigurationPlatforms) = postSolution
		{EBF43F83-C84C-494D-B47B-A62CBB6EE701}.Debug|Any CPU.ActiveCfg = Debug|Any CPU
		{EBF43F83-C84C-494D-B47B-A62CBB6EE701}.Debug|Any CPU.Build.0 = Debug|Any CPU
		{EBF43F83-C84C-494D-B47B-A62CBB6EE701}.Release|Any CPU.ActiveCfg = Release|Any CPU
		{EBF43F83-C84C-494D-B47B-A62CBB6EE701}.Release|Any CPU.Build.0 = Release|Any CPU
	EndGlobalSection
	GlobalSection(SolutionProperties) = preSolution
		HideSolutionNode = FALSE
	EndGlobalSection
	GlobalSection(ExtensibilityGlobals) = postSolution
		SolutionGuid = {9047CB4A-A9F6-454C-9FAB-88FBD1189456}
	EndGlobalSection
EndGlobal
